
Microsoft Visual Studio Solution File, Format Version 12.00
# Visual Studio Version 17
VisualStudioVersion = 17.2.32616.157
MinimumVisualStudioVersion = 10.0.40219.1
Project("{9A19103F-16F7-4668-BE54-9A1E7A4F7556}") = "CollegeProject.Api", "SchoolProject.Api\CollegeProject.Api.csproj", "{AD86485B-0064-42E2-AF0B-DD418AAAEDD7}"
EndProject
Project("{9A19103F-16F7-4668-BE54-9A1E7A4F7556}") = "CollegeProject.Core", "SchoolProject.Core\CollegeProject.Core.csproj", "{3B43F8DA-8610-49AC-8236-AB928EEA088A}"
EndProject
Project("{9A19103F-16F7-4668-BE54-9A1E7A4F7556}") = "CollegeProject.Data", "SchoolProject.Data\CollegeProject.Data.csproj", "{6167930F-0DAF-4B94-888B-0EA847232C62}"
EndProject
Project("{9A19103F-16F7-4668-BE54-9A1E7A4F7556}") = "CollegeProject.Infrustructure", "SchoolProject.Infrustructure\CollegeProject.Infrustructure.csproj", "{9AE75B20-D7B5-4A96-ADF5-A736A0BBB408}"
EndProject
Project("{9A19103F-16F7-4668-BE54-9A1E7A4F7556}") = "CollegeProject.Service", "SchoolProject.Service\CollegeProject.Service.csproj", "{F0D604DA-84FC-488D-BAF6-88F98FFE68CA}"
EndProject
Global
	GlobalSection(SolutionConfigurationPlatforms) = preSolution
		Debug|Any CPU = Debug|Any CPU
		Release|Any CPU = Release|Any CPU
	EndGlobalSection
	GlobalSection(ProjectConfigurationPlatforms) = postSolution
		{AD86485B-0064-42E2-AF0B-DD418AAAEDD7}.Debug|Any CPU.ActiveCfg = Debug|Any CPU
		{AD86485B-0064-42E2-AF0B-DD418AAAEDD7}.Debug|Any CPU.Build.0 = Debug|Any CPU
		{AD86485B-0064-42E2-AF0B-DD418AAAEDD7}.Release|Any CPU.ActiveCfg = Release|Any CPU
		{AD86485B-0064-42E2-AF0B-DD418AAAEDD7}.Release|Any CPU.Build.0 = Release|Any CPU
		{3B43F8DA-8610-49AC-8236-AB928EEA088A}.Debug|Any CPU.ActiveCfg = Debug|Any CPU
		{3B43F8DA-8610-49AC-8236-AB928EEA088A}.Debug|Any CPU.Build.0 = Debug|Any CPU
		{3B43F8DA-8610-49AC-8236-AB928EEA088A}.Release|Any CPU.ActiveCfg = Release|Any CPU
		{3B43F8DA-8610-49AC-8236-AB928EEA088A}.Release|Any CPU.Build.0 = Release|Any CPU
		{6167930F-0DAF-4B94-888B-0EA847232C62}.Debug|Any CPU.ActiveCfg = Debug|Any CPU
		{6167930F-0DAF-4B94-888B-0EA847232C62}.Debug|Any CPU.Build.0 = Debug|Any CPU
		{6167930F-0DAF-4B94-888B-0EA847232C62}.Release|Any CPU.ActiveCfg = Release|Any CPU
		{6167930F-0DAF-4B94-888B-0EA847232C62}.Release|Any CPU.Build.0 = Release|Any CPU
		{9AE75B20-D7B5-4A96-ADF5-A736A0BBB408}.Debug|Any CPU.ActiveCfg = Debug|Any CPU
		{9AE75B20-D7B5-4A96-ADF5-A736A0BBB408}.Debug|Any CPU.Build.0 = Debug|Any CPU
		{9AE75B20-D7B5-4A96-ADF5-A736A0BBB408}.Release|Any CPU.ActiveCfg = Release|Any CPU
		{9AE75B20-D7B5-4A96-ADF5-A736A0BBB408}.Release|Any CPU.Build.0 = Release|Any CPU
		{F0D604DA-84FC-488D-BAF6-88F98FFE68CA}.Debug|Any CPU.ActiveCfg = Debug|Any CPU
		{F0D604DA-84FC-488D-BAF6-88F98FFE68CA}.Debug|Any CPU.Build.0 = Debug|Any CPU
		{F0D604DA-84FC-488D-BAF6-88F98FFE68CA}.Release|Any CPU.ActiveCfg = Release|Any CPU
		{F0D604DA-84FC-488D-BAF6-88F98FFE68CA}.Release|Any CPU.Build.0 = Release|Any CPU
	EndGlobalSection
	GlobalSection(SolutionProperties) = preSolution
		HideSolutionNode = FALSE
	EndGlobalSection
	GlobalSection(ExtensibilityGlobals) = postSolution
		SolutionGuid = {2FCA5843-0BDF-447B-B04B-DED6D69B7271}
	EndGlobalSection
EndGlobal
